
Microsoft Visual Studio Solution File, Format Version 12.00
# Visual Studio 15
VisualStudioVersion = 15.0.27004.2009
MinimumVisualStudioVersion = 10.0.40219.1
Project("{FAE04EC0-301F-11D3-BF4B-00C04F79EFBC}") = "Tasks.Android", "Tasks\Tasks.Android\Tasks.Android.csproj", "{D5B55C40-DFF5-47C1-9059-BA0B22840546}"
EndProject
Project("{FAE04EC0-301F-11D3-BF4B-00C04F79EFBC}") = "Tasks", "Tasks\Tasks\Tasks.csproj", "{58B525AE-4087-442C-A4C6-5FC1DE3D9697}"
EndProject
Project("{FAE04EC0-301F-11D3-BF4B-00C04F79EFBC}") = "Tasks.UWP", "Tasks\Tasks.UWP\Tasks.UWP.csproj", "{F8AB3399-9BD2-49F5-B10B-B5D2D0C12152}"
EndProject
Project("{FAE04EC0-301F-11D3-BF4B-00C04F79EFBC}") = "Tasks.iOS", "Tasks\Tasks.iOS\Tasks.iOS.csproj", "{5B121165-41A7-4194-8AEE-F4BEDEB5527C}"
EndProject
Global
	GlobalSection(SolutionConfigurationPlatforms) = preSolution
		Ad-Hoc|Any CPU = Ad-Hoc|Any CPU
		Ad-Hoc|ARM = Ad-Hoc|ARM
		Ad-Hoc|iPhone = Ad-Hoc|iPhone
		Ad-Hoc|iPhoneSimulator = Ad-Hoc|iPhoneSimulator
		Ad-Hoc|x64 = Ad-Hoc|x64
		Ad-Hoc|x86 = Ad-Hoc|x86
		AppStore|Any CPU = AppStore|Any CPU
		AppStore|ARM = AppStore|ARM
		AppStore|iPhone = AppStore|iPhone
		AppStore|iPhoneSimulator = AppStore|iPhoneSimulator
		AppStore|x64 = AppStore|x64
		AppStore|x86 = AppStore|x86
		Debug|Any CPU = Debug|Any CPU
		Debug|ARM = Debug|ARM
		Debug|iPhone = Debug|iPhone
		Debug|iPhoneSimulator = Debug|iPhoneSimulator
		Debug|x64 = Debug|x64
		Debug|x86 = Debug|x86
		Release|Any CPU = Release|Any CPU
		Release|ARM = Release|ARM
		Release|iPhone = Release|iPhone
		Release|iPhoneSimulator = Release|iPhoneSimulator
		Release|x64 = Release|x64
		Release|x86 = Release|x86
	EndGlobalSection
	GlobalSection(ProjectConfigurationPlatforms) = postSolution
		{D5B55C40-DFF5-47C1-9059-BA0B22840546}.Ad-Hoc|Any CPU.ActiveCfg = Release|Any CPU
		{D5B55C40-DFF5-47C1-9059-BA0B22840546}.Ad-Hoc|Any CPU.Build.0 = Release|Any CPU
		{D5B55C40-DFF5-47C1-9059-BA0B22840546}.Ad-Hoc|Any CPU.Deploy.0 = Release|Any CPU
		{D5B55C40-DFF5-47C1-9059-BA0B22840546}.Ad-Hoc|ARM.ActiveCfg = Release|Any CPU
		{D5B55C40-DFF5-47C1-9059-BA0B22840546}.Ad-Hoc|ARM.Build.0 = Release|Any CPU
		{D5B55C40-DFF5-47C1-9059-BA0B22840546}.Ad-Hoc|ARM.Deploy.0 = Release|Any CPU
		{D5B55C40-DFF5-47C1-9059-BA0B22840546}.Ad-Hoc|iPhone.ActiveCfg = Release|Any CPU
		{D5B55C40-DFF5-47C1-9059-BA0B22840546}.Ad-Hoc|iPhone.Build.0 = Release|Any CPU
		{D5B55C40-DFF5-47C1-9059-BA0B22840546}.Ad-Hoc|iPhone.Deploy.0 = Release|Any CPU
		{D5B55C40-DFF5-47C1-9059-BA0B22840546}.Ad-Hoc|iPhoneSimulator.ActiveCfg = Release|Any CPU
		{D5B55C40-DFF5-47C1-9059-BA0B22840546}.Ad-Hoc|iPhoneSimulator.Build.0 = Release|Any CPU
		{D5B55C40-DFF5-47C1-9059-BA0B22840546}.Ad-Hoc|iPhoneSimulator.Deploy.0 = Release|Any CPU
		{D5B55C40-DFF5-47C1-9059-BA0B22840546}.Ad-Hoc|x64.ActiveCfg = Release|Any CPU
		{D5B55C40-DFF5-47C1-9059-BA0B22840546}.Ad-Hoc|x64.Build.0 = Release|Any CPU
		{D5B55C40-DFF5-47C1-9059-BA0B22840546}.Ad-Hoc|x64.Deploy.0 = Release|Any CPU
		{D5B55C40-DFF5-47C1-9059-BA0B22840546}.Ad-Hoc|x86.ActiveCfg = Release|Any CPU
		{D5B55C40-DFF5-47C1-9059-BA0B22840546}.Ad-Hoc|x86.Build.0 = Release|Any CPU
		{D5B55C40-DFF5-47C1-9059-BA0B22840546}.Ad-Hoc|x86.Deploy.0 = Release|Any CPU
		{D5B55C40-DFF5-47C1-9059-BA0B22840546}.AppStore|Any CPU.ActiveCfg = Release|Any CPU
		{D5B55C40-DFF5-47C1-9059-BA0B22840546}.AppStore|Any CPU.Build.0 = Release|Any CPU
		{D5B55C40-DFF5-47C1-9059-BA0B22840546}.AppStore|Any CPU.Deploy.0 = Release|Any CPU
		{D5B55C40-DFF5-47C1-9059-BA0B22840546}.AppStore|ARM.ActiveCfg = Release|Any CPU
		{D5B55C40-DFF5-47C1-9059-BA0B22840546}.AppStore|ARM.Build.0 = Release|Any CPU
		{D5B55C40-DFF5-47C1-9059-BA0B22840546}.AppStore|ARM.Deploy.0 = Release|Any CPU
		{D5B55C40-DFF5-47C1-9059-BA0B22840546}.AppStore|iPhone.ActiveCfg = Release|Any CPU
		{D5B55C40-DFF5-47C1-9059-BA0B22840546}.AppStore|iPhone.Build.0 = Release|Any CPU
		{D5B55C40-DFF5-47C1-9059-BA0B22840546}.AppStore|iPhone.Deploy.0 = Release|Any CPU
		{D5B55C40-DFF5-47C1-9059-BA0B22840546}.AppStore|iPhoneSimulator.ActiveCfg = Release|Any CPU
		{D5B55C40-DFF5-47C1-9059-BA0B22840546}.AppStore|iPhoneSimulator.Build.0 = Release|Any CPU
		{D5B55C40-DFF5-47C1-9059-BA0B22840546}.AppStore|iPhoneSimulator.Deploy.0 = Release|Any CPU
		{D5B55C40-DFF5-47C1-9059-BA0B22840546}.AppStore|x64.ActiveCfg = Release|Any CPU
		{D5B55C40-DFF5-47C1-9059-BA0B22840546}.AppStore|x64.Build.0 = Release|Any CPU
		{D5B55C40-DFF5-47C1-9059-BA0B22840546}.AppStore|x64.Deploy.0 = Release|Any CPU
		{D5B55C40-DFF5-47C1-9059-BA0B22840546}.AppStore|x86.ActiveCfg = Release|Any CPU
		{D5B55C40-DFF5-47C1-9059-BA0B22840546}.AppStore|x86.Build.0 = Release|Any CPU
		{D5B55C40-DFF5-47C1-9059-BA0B22840546}.AppStore|x86.Deploy.0 = Release|Any CPU
		{D5B55C40-DFF5-47C1-9059-BA0B22840546}.Debug|Any CPU.ActiveCfg = Debug|Any CPU
		{D5B55C40-DFF5-47C1-9059-BA0B22840546}.Debug|Any CPU.Build.0 = Debug|Any CPU
		{D5B55C40-DFF5-47C1-9059-BA0B22840546}.Debug|Any CPU.Deploy.0 = Debug|Any CPU
		{D5B55C40-DFF5-47C1-9059-BA0B22840546}.Debug|ARM.ActiveCfg = Debug|Any CPU
		{D5B55C40-DFF5-47C1-9059-BA0B22840546}.Debug|ARM.Build.0 = Debug|Any CPU
		{D5B55C40-DFF5-47C1-9059-BA0B22840546}.Debug|ARM.Deploy.0 = Debug|Any CPU
		{D5B55C40-DFF5-47C1-9059-BA0B22840546}.Debug|iPhone.ActiveCfg = Debug|Any CPU
		{D5B55C40-DFF5-47C1-9059-BA0B22840546}.Debug|iPhone.Build.0 = Debug|Any CPU
		{D5B55C40-DFF5-47C1-9059-BA0B22840546}.Debug|iPhone.Deploy.0 = Debug|Any CPU
		{D5B55C40-DFF5-47C1-9059-BA0B22840546}.Debug|iPhoneSimulator.ActiveCfg = Debug|Any CPU
		{D5B55C40-DFF5-47C1-9059-BA0B22840546}.Debug|iPhoneSimulator.Build.0 = Debug|Any CPU
		{D5B55C40-DFF5-47C1-9059-BA0B22840546}.Debug|iPhoneSimulator.Deploy.0 = Debug|Any CPU
		{D5B55C40-DFF5-47C1-9059-BA0B22840546}.Debug|x64.ActiveCfg = Debug|Any CPU
		{D5B55C40-DFF5-47C1-9059-BA0B22840546}.Debug|x64.Build.0 = Debug|Any CPU
		{D5B55C40-DFF5-47C1-9059-BA0B22840546}.Debug|x64.Deploy.0 = Debug|Any CPU
		{D5B55C40-DFF5-47C1-9059-BA0B22840546}.Debug|x86.ActiveCfg = Debug|Any CPU
		{D5B55C40-DFF5-47C1-9059-BA0B22840546}.Debug|x86.Build.0 = Debug|Any CPU
		{D5B55C40-DFF5-47C1-9059-BA0B22840546}.Debug|x86.Deploy.0 = Debug|Any CPU
		{D5B55C40-DFF5-47C1-9059-BA0B22840546}.Release|Any CPU.ActiveCfg = Release|Any CPU
		{D5B55C40-DFF5-47C1-9059-BA0B22840546}.Release|Any CPU.Build.0 = Release|Any CPU
		{D5B55C40-DFF5-47C1-9059-BA0B22840546}.Release|Any CPU.Deploy.0 = Release|Any CPU
		{D5B55C40-DFF5-47C1-9059-BA0B22840546}.Release|ARM.ActiveCfg = Release|Any CPU
		{D5B55C40-DFF5-47C1-9059-BA0B22840546}.Release|ARM.Build.0 = Release|Any CPU
		{D5B55C40-DFF5-47C1-9059-BA0B22840546}.Release|ARM.Deploy.0 = Release|Any CPU
		{D5B55C40-DFF5-47C1-9059-BA0B22840546}.Release|iPhone.ActiveCfg = Release|Any CPU
		{D5B55C40-DFF5-47C1-9059-BA0B22840546}.Release|iPhone.Build.0 = Release|Any CPU
		{D5B55C40-DFF5-47C1-9059-BA0B22840546}.Release|iPhone.Deploy.0 = Release|Any CPU
		{D5B55C40-DFF5-47C1-9059-BA0B22840546}.Release|iPhoneSimulator.ActiveCfg = Release|Any CPU
		{D5B55C40-DFF5-47C1-9059-BA0B22840546}.Release|iPhoneSimulator.Build.0 = Release|Any CPU
		{D5B55C40-DFF5-47C1-9059-BA0B22840546}.Release|iPhoneSimulator.Deploy.0 = Release|Any CPU
		{D5B55C40-DFF5-47C1-9059-BA0B22840546}.Release|x64.ActiveCfg = Release|Any CPU
		{D5B55C40-DFF5-47C1-9059-BA0B22840546}.Release|x64.Build.0 = Release|Any CPU
		{D5B55C40-DFF5-47C1-9059-BA0B22840546}.Release|x64.Deploy.0 = Release|Any CPU
		{D5B55C40-DFF5-47C1-9059-BA0B22840546}.Release|x86.ActiveCfg = Release|Any CPU
		{D5B55C40-DFF5-47C1-9059-BA0B22840546}.Release|x86.Build.0 = Release|Any CPU
		{D5B55C40-DFF5-47C1-9059-BA0B22840546}.Release|x86.Deploy.0 = Release|Any CPU
		{58B525AE-4087-442C-A4C6-5FC1DE3D9697}.Ad-Hoc|Any CPU.ActiveCfg = Release|Any CPU
		{58B525AE-4087-442C-A4C6-5FC1DE3D9697}.Ad-Hoc|Any CPU.Build.0 = Release|Any CPU
		{58B525AE-4087-442C-A4C6-5FC1DE3D9697}.Ad-Hoc|ARM.ActiveCfg = Release|Any CPU
		{58B525AE-4087-442C-A4C6-5FC1DE3D9697}.Ad-Hoc|ARM.Build.0 = Release|Any CPU
		{58B525AE-4087-442C-A4C6-5FC1DE3D9697}.Ad-Hoc|iPhone.ActiveCfg = Release|Any CPU
		{58B525AE-4087-442C-A4C6-5FC1DE3D9697}.Ad-Hoc|iPhone.Build.0 = Release|Any CPU
		{58B525AE-4087-442C-A4C6-5FC1DE3D9697}.Ad-Hoc|iPhoneSimulator.ActiveCfg = Release|Any CPU
		{58B525AE-4087-442C-A4C6-5FC1DE3D9697}.Ad-Hoc|iPhoneSimulator.Build.0 = Release|Any CPU
		{58B525AE-4087-442C-A4C6-5FC1DE3D9697}.Ad-Hoc|x64.ActiveCfg = Release|Any CPU
		{58B525AE-4087-442C-A4C6-5FC1DE3D9697}.Ad-Hoc|x64.Build.0 = Release|Any CPU
		{58B525AE-4087-442C-A4C6-5FC1DE3D9697}.Ad-Hoc|x86.ActiveCfg = Release|Any CPU
		{58B525AE-4087-442C-A4C6-5FC1DE3D9697}.Ad-Hoc|x86.Build.0 = Release|Any CPU
		{58B525AE-4087-442C-A4C6-5FC1DE3D9697}.AppStore|Any CPU.ActiveCfg = Release|Any CPU
		{58B525AE-4087-442C-A4C6-5FC1DE3D9697}.AppStore|Any CPU.Build.0 = Release|Any CPU
		{58B525AE-4087-442C-A4C6-5FC1DE3D9697}.AppStore|ARM.ActiveCfg = Release|Any CPU
		{58B525AE-4087-442C-A4C6-5FC1DE3D9697}.AppStore|ARM.Build.0 = Release|Any CPU
		{58B525AE-4087-442C-A4C6-5FC1DE3D9697}.AppStore|iPhone.ActiveCfg = Release|Any CPU
		{58B525AE-4087-442C-A4C6-5FC1DE3D9697}.AppStore|iPhone.Build.0 = Release|Any CPU
		{58B525AE-4087-442C-A4C6-5FC1DE3D9697}.AppStore|iPhoneSimulator.ActiveCfg = Release|Any CPU
		{58B525AE-4087-442C-A4C6-5FC1DE3D9697}.AppStore|iPhoneSimulator.Build.0 = Release|Any CPU
		{58B525AE-4087-442C-A4C6-5FC1DE3D9697}.AppStore|x64.ActiveCfg = Release|Any CPU
		{58B525AE-4087-442C-A4C6-5FC1DE3D9697}.AppStore|x64.Build.0 = Release|Any CPU
		{58B525AE-4087-442C-A4C6-5FC1DE3D9697}.AppStore|x86.ActiveCfg = Release|Any CPU
		{58B525AE-4087-442C-A4C6-5FC1DE3D9697}.AppStore|x86.Build.0 = Release|Any CPU
		{58B525AE-4087-442C-A4C6-5FC1DE3D9697}.Debug|Any CPU.ActiveCfg = Debug|Any CPU
		{58B525AE-4087-442C-A4C6-5FC1DE3D9697}.Debug|Any CPU.Build.0 = Debug|Any CPU
		{58B525AE-4087-442C-A4C6-5FC1DE3D9697}.Debug|ARM.ActiveCfg = Debug|Any CPU
		{58B525AE-4087-442C-A4C6-5FC1DE3D9697}.Debug|ARM.Build.0 = Debug|Any CPU
		{58B525AE-4087-442C-A4C6-5FC1DE3D9697}.Debug|iPhone.ActiveCfg = Debug|Any CPU
		{58B525AE-4087-442C-A4C6-5FC1DE3D9697}.Debug|iPhone.Build.0 = Debug|Any CPU
		{58B525AE-4087-442C-A4C6-5FC1DE3D9697}.Debug|iPhoneSimulator.ActiveCfg = Debug|Any CPU
		{58B525AE-4087-442C-A4C6-5FC1DE3D9697}.Debug|iPhoneSimulator.Build.0 = Debug|Any CPU
		{58B525AE-4087-442C-A4C6-5FC1DE3D9697}.Debug|x64.ActiveCfg = Debug|Any CPU
		{58B525AE-4087-442C-A4C6-5FC1DE3D9697}.Debug|x64.Build.0 = Debug|Any CPU
		{58B525AE-4087-442C-A4C6-5FC1DE3D9697}.Debug|x86.ActiveCfg = Debug|Any CPU
		{58B525AE-4087-442C-A4C6-5FC1DE3D9697}.Debug|x86.Build.0 = Debug|Any CPU
		{58B525AE-4087-442C-A4C6-5FC1DE3D9697}.Release|Any CPU.ActiveCfg = Release|Any CPU
		{58B525AE-4087-442C-A4C6-5FC1DE3D9697}.Release|Any CPU.Build.0 = Release|Any CPU
		{58B525AE-4087-442C-A4C6-5FC1DE3D9697}.Release|ARM.ActiveCfg = Release|Any CPU
		{58B525AE-4087-442C-A4C6-5FC1DE3D9697}.Release|ARM.Build.0 = Release|Any CPU
		{58B525AE-4087-442C-A4C6-5FC1DE3D9697}.Release|iPhone.ActiveCfg = Release|Any CPU
		{58B525AE-4087-442C-A4C6-5FC1DE3D9697}.Release|iPhone.Build.0 = Release|Any CPU
		{58B525AE-4087-442C-A4C6-5FC1DE3D9697}.Release|iPhoneSimulator.ActiveCfg = Release|Any CPU
		{58B525AE-4087-442C-A4C6-5FC1DE3D9697}.Release|iPhoneSimulator.Build.0 = Release|Any CPU
		{58B525AE-4087-442C-A4C6-5FC1DE3D9697}.Release|x64.ActiveCfg = Release|Any CPU
		{58B525AE-4087-442C-A4C6-5FC1DE3D9697}.Release|x64.Build.0 = Release|Any CPU
		{58B525AE-4087-442C-A4C6-5FC1DE3D9697}.Release|x86.ActiveCfg = Release|Any CPU
		{58B525AE-4087-442C-A4C6-5FC1DE3D9697}.Release|x86.Build.0 = Release|Any CPU
		{F8AB3399-9BD2-49F5-B10B-B5D2D0C12152}.Ad-Hoc|Any CPU.ActiveCfg = Release|x86
		{F8AB3399-9BD2-49F5-B10B-B5D2D0C12152}.Ad-Hoc|Any CPU.Build.0 = Release|x86
		{F8AB3399-9BD2-49F5-B10B-B5D2D0C12152}.Ad-Hoc|Any CPU.Deploy.0 = Release|x86
		{F8AB3399-9BD2-49F5-B10B-B5D2D0C12152}.Ad-Hoc|ARM.ActiveCfg = Release|ARM
		{F8AB3399-9BD2-49F5-B10B-B5D2D0C12152}.Ad-Hoc|ARM.Build.0 = Release|ARM
		{F8AB3399-9BD2-49F5-B10B-B5D2D0C12152}.Ad-Hoc|ARM.Deploy.0 = Release|ARM
		{F8AB3399-9BD2-49F5-B10B-B5D2D0C12152}.Ad-Hoc|iPhone.ActiveCfg = Release|x86
		{F8AB3399-9BD2-49F5-B10B-B5D2D0C12152}.Ad-Hoc|iPhone.Build.0 = Release|x86
		{F8AB3399-9BD2-49F5-B10B-B5D2D0C12152}.Ad-Hoc|iPhone.Deploy.0 = Release|x86
		{F8AB3399-9BD2-49F5-B10B-B5D2D0C12152}.Ad-Hoc|iPhoneSimulator.ActiveCfg = Release|x86
		{F8AB3399-9BD2-49F5-B10B-B5D2D0C12152}.Ad-Hoc|iPhoneSimulator.Build.0 = Release|x86
		{F8AB3399-9BD2-49F5-B10B-B5D2D0C12152}.Ad-Hoc|iPhoneSimulator.Deploy.0 = Release|x86
		{F8AB3399-9BD2-49F5-B10B-B5D2D0C12152}.Ad-Hoc|x64.ActiveCfg = Release|x64
		{F8AB3399-9BD2-49F5-B10B-B5D2D0C12152}.Ad-Hoc|x64.Build.0 = Release|x64
		{F8AB3399-9BD2-49F5-B10B-B5D2D0C12152}.Ad-Hoc|x64.Deploy.0 = Release|x64
		{F8AB3399-9BD2-49F5-B10B-B5D2D0C12152}.Ad-Hoc|x86.ActiveCfg = Release|x86
		{F8AB3399-9BD2-49F5-B10B-B5D2D0C12152}.Ad-Hoc|x86.Build.0 = Release|x86
		{F8AB3399-9BD2-49F5-B10B-B5D2D0C12152}.Ad-Hoc|x86.Deploy.0 = Release|x86
		{F8AB3399-9BD2-49F5-B10B-B5D2D0C12152}.AppStore|Any CPU.ActiveCfg = Release|x86
		{F8AB3399-9BD2-49F5-B10B-B5D2D0C12152}.AppStore|Any CPU.Build.0 = Release|x86
		{F8AB3399-9BD2-49F5-B10B-B5D2D0C12152}.AppStore|Any CPU.Deploy.0 = Release|x86
		{F8AB3399-9BD2-49F5-B10B-B5D2D0C12152}.AppStore|ARM.ActiveCfg = Release|ARM
		{F8AB3399-9BD2-49F5-B10B-B5D2D0C12152}.AppStore|ARM.Build.0 = Release|ARM
		{F8AB3399-9BD2-49F5-B10B-B5D2D0C12152}.AppStore|ARM.Deploy.0 = Release|ARM
		{F8AB3399-9BD2-49F5-B10B-B5D2D0C12152}.AppStore|iPhone.ActiveCfg = Release|x86
		{F8AB3399-9BD2-49F5-B10B-B5D2D0C12152}.AppStore|iPhone.Build.0 = Release|x86
		{F8AB3399-9BD2-49F5-B10B-B5D2D0C12152}.AppStore|iPhone.Deploy.0 = Release|x86
		{F8AB3399-9BD2-49F5-B10B-B5D2D0C12152}.AppStore|iPhoneSimulator.ActiveCfg = Release|x86
		{F8AB3399-9BD2-49F5-B10B-B5D2D0C12152}.AppStore|iPhoneSimulator.Build.0 = Release|x86
		{F8AB3399-9BD2-49F5-B10B-B5D2D0C12152}.AppStore|iPhoneSimulator.Deploy.0 = Release|x86
		{F8AB3399-9BD2-49F5-B10B-B5D2D0C12152}.AppStore|x64.ActiveCfg = Release|x64
		{F8AB3399-9BD2-49F5-B10B-B5D2D0C12152}.AppStore|x64.Build.0 = Release|x64
		{F8AB3399-9BD2-49F5-B10B-B5D2D0C12152}.AppStore|x64.Deploy.0 = Release|x64
		{F8AB3399-9BD2-49F5-B10B-B5D2D0C12152}.AppStore|x86.ActiveCfg = Release|x86
		{F8AB3399-9BD2-49F5-B10B-B5D2D0C12152}.AppStore|x86.Build.0 = Release|x86
		{F8AB3399-9BD2-49F5-B10B-B5D2D0C12152}.AppStore|x86.Deploy.0 = Release|x86
		{F8AB3399-9BD2-49F5-B10B-B5D2D0C12152}.Debug|Any CPU.ActiveCfg = Debug|x86
		{F8AB3399-9BD2-49F5-B10B-B5D2D0C12152}.Debug|ARM.ActiveCfg = Debug|ARM
		{F8AB3399-9BD2-49F5-B10B-B5D2D0C12152}.Debug|ARM.Build.0 = Debug|ARM
		{F8AB3399-9BD2-49F5-B10B-B5D2D0C12152}.Debug|ARM.Deploy.0 = Debug|ARM
		{F8AB3399-9BD2-49F5-B10B-B5D2D0C12152}.Debug|iPhone.ActiveCfg = Debug|x86
		{F8AB3399-9BD2-49F5-B10B-B5D2D0C12152}.Debug|iPhoneSimulator.ActiveCfg = Debug|x86
		{F8AB3399-9BD2-49F5-B10B-B5D2D0C12152}.Debug|x64.ActiveCfg = Debug|x64
		{F8AB3399-9BD2-49F5-B10B-B5D2D0C12152}.Debug|x64.Build.0 = Debug|x64
		{F8AB3399-9BD2-49F5-B10B-B5D2D0C12152}.Debug|x64.Deploy.0 = Debug|x64
		{F8AB3399-9BD2-49F5-B10B-B5D2D0C12152}.Debug|x86.ActiveCfg = Debug|x86
		{F8AB3399-9BD2-49F5-B10B-B5D2D0C12152}.Debug|x86.Build.0 = Debug|x86
		{F8AB3399-9BD2-49F5-B10B-B5D2D0C12152}.Debug|x86.Deploy.0 = Debug|x86
		{F8AB3399-9BD2-49F5-B10B-B5D2D0C12152}.Release|Any CPU.ActiveCfg = Release|x86
		{F8AB3399-9BD2-49F5-B10B-B5D2D0C12152}.Release|ARM.ActiveCfg = Release|ARM
		{F8AB3399-9BD2-49F5-B10B-B5D2D0C12152}.Release|ARM.Build.0 = Release|ARM
		{F8AB3399-9BD2-49F5-B10B-B5D2D0C12152}.Release|ARM.Deploy.0 = Release|ARM
		{F8AB3399-9BD2-49F5-B10B-B5D2D0C12152}.Release|iPhone.ActiveCfg = Release|x86
		{F8AB3399-9BD2-49F5-B10B-B5D2D0C12152}.Release|iPhoneSimulator.ActiveCfg = Release|x86
		{F8AB3399-9BD2-49F5-B10B-B5D2D0C12152}.Release|x64.ActiveCfg = Release|x64
		{F8AB3399-9BD2-49F5-B10B-B5D2D0C12152}.Release|x64.Build.0 = Release|x64
		{F8AB3399-9BD2-49F5-B10B-B5D2D0C12152}.Release|x64.Deploy.0 = Release|x64
		{F8AB3399-9BD2-49F5-B10B-B5D2D0C12152}.Release|x86.ActiveCfg = Release|x86
		{F8AB3399-9BD2-49F5-B10B-B5D2D0C12152}.Release|x86.Build.0 = Release|x86
		{F8AB3399-9BD2-49F5-B10B-B5D2D0C12152}.Release|x86.Deploy.0 = Release|x86
		{5B121165-41A7-4194-8AEE-F4BEDEB5527C}.Ad-Hoc|Any CPU.ActiveCfg = Ad-Hoc|iPhoneSimulator
		{5B121165-41A7-4194-8AEE-F4BEDEB5527C}.Ad-Hoc|ARM.ActiveCfg = Ad-Hoc|iPhone
		{5B121165-41A7-4194-8AEE-F4BEDEB5527C}.Ad-Hoc|iPhone.ActiveCfg = Ad-Hoc|iPhone
		{5B121165-41A7-4194-8AEE-F4BEDEB5527C}.Ad-Hoc|iPhone.Build.0 = Ad-Hoc|iPhone
		{5B121165-41A7-4194-8AEE-F4BEDEB5527C}.Ad-Hoc|iPhoneSimulator.ActiveCfg = Ad-Hoc|iPhoneSimulator
		{5B121165-41A7-4194-8AEE-F4BEDEB5527C}.Ad-Hoc|iPhoneSimulator.Build.0 = Ad-Hoc|iPhoneSimulator
		{5B121165-41A7-4194-8AEE-F4BEDEB5527C}.Ad-Hoc|x64.ActiveCfg = Ad-Hoc|iPhone
		{5B121165-41A7-4194-8AEE-F4BEDEB5527C}.Ad-Hoc|x86.ActiveCfg = Ad-Hoc|iPhone
		{5B121165-41A7-4194-8AEE-F4BEDEB5527C}.AppStore|Any CPU.ActiveCfg = AppStore|iPhoneSimulator
		{5B121165-41A7-4194-8AEE-F4BEDEB5527C}.AppStore|ARM.ActiveCfg = AppStore|iPhone
		{5B121165-41A7-4194-8AEE-F4BEDEB5527C}.AppStore|iPhone.ActiveCfg = AppStore|iPhone
		{5B121165-41A7-4194-8AEE-F4BEDEB5527C}.AppStore|iPhone.Build.0 = AppStore|iPhone
		{5B121165-41A7-4194-8AEE-F4BEDEB5527C}.AppStore|iPhoneSimulator.ActiveCfg = AppStore|iPhoneSimulator
		{5B121165-41A7-4194-8AEE-F4BEDEB5527C}.AppStore|iPhoneSimulator.Build.0 = AppStore|iPhoneSimulator
		{5B121165-41A7-4194-8AEE-F4BEDEB5527C}.AppStore|x64.ActiveCfg = AppStore|iPhone
		{5B121165-41A7-4194-8AEE-F4BEDEB5527C}.AppStore|x86.ActiveCfg = AppStore|iPhone
		{5B121165-41A7-4194-8AEE-F4BEDEB5527C}.Debug|Any CPU.ActiveCfg = Debug|iPhoneSimulator
		{5B121165-41A7-4194-8AEE-F4BEDEB5527C}.Debug|ARM.ActiveCfg = Debug|iPhone
		{5B121165-41A7-4194-8AEE-F4BEDEB5527C}.Debug|iPhone.ActiveCfg = Debug|iPhone
		{5B121165-41A7-4194-8AEE-F4BEDEB5527C}.Debug|iPhone.Build.0 = Debug|iPhone
		{5B121165-41A7-4194-8AEE-F4BEDEB5527C}.Debug|iPhoneSimulator.ActiveCfg = Debug|iPhoneSimulator
		{5B121165-41A7-4194-8AEE-F4BEDEB5527C}.Debug|iPhoneSimulator.Build.0 = Debug|iPhoneSimulator
		{5B121165-41A7-4194-8AEE-F4BEDEB5527C}.Debug|x64.ActiveCfg = Debug|iPhone
		{5B121165-41A7-4194-8AEE-F4BEDEB5527C}.Debug|x86.ActiveCfg = Debug|iPhone
		{5B121165-41A7-4194-8AEE-F4BEDEB5527C}.Release|Any CPU.ActiveCfg = Release|iPhoneSimulator
		{5B121165-41A7-4194-8AEE-F4BEDEB5527C}.Release|ARM.ActiveCfg = Release|iPhone
		{5B121165-41A7-4194-8AEE-F4BEDEB5527C}.Release|iPhone.ActiveCfg = Release|iPhone
		{5B121165-41A7-4194-8AEE-F4BEDEB5527C}.Release|iPhone.Build.0 = Release|iPhone
		{5B121165-41A7-4194-8AEE-F4BEDEB5527C}.Release|iPhoneSimulator.ActiveCfg = Release|iPhoneSimulator
		{5B121165-41A7-4194-8AEE-F4BEDEB5527C}.Release|iPhoneSimulator.Build.0 = Release|iPhoneSimulator
		{5B121165-41A7-4194-8AEE-F4BEDEB5527C}.Release|x64.ActiveCfg = Release|iPhone
		{5B121165-41A7-4194-8AEE-F4BEDEB5527C}.Release|x86.ActiveCfg = Release|iPhone
	EndGlobalSection
	GlobalSection(SolutionProperties) = preSolution
		HideSolutionNode = FALSE
	EndGlobalSection
	GlobalSection(ExtensibilityGlobals) = postSolution
		SolutionGuid = {0761C453-3E07-4082-9D9E-6985C8B76E6E}
	EndGlobalSection
EndGlobal
